<?xml version="1.0" encoding="utf-8"?>
<Project ToolsVersion="4.0" xmlns="http://schemas.microsoft.com/developer/msbuild/2003">
  <ItemGroup>
    <ClCompile Include="ccamera.cpp" />
    <ClCompile Include="cebo.cpp" />
    <ClCompile Include="cmesh.cpp" />
    <ClCompile Include="cshader.cpp" />
    <ClCompile Include="ctexture.cpp" />
    <ClCompile Include="camera.cpp" />
    <ClCompile Include="cutil.cpp" />
    <ClCompile Include="cvao.cpp" />
    <ClCompile Include="cvbo.cpp" />
    <ClCompile Include="OpenGLHDR.cpp" />
    <ClCompile Include="main.cpp" />
    <ClCompile Include="EBO.cpp">
      <Filter>old</Filter>
    </ClCompile>
    <ClCompile Include="Mesh.cpp">
      <Filter>old</Filter>
    </ClCompile>
    <ClCompile Include="Model.cpp">
      <Filter>old</Filter>
    </ClCompile>
    <ClCompile Include="shaderClass.cpp">
      <Filter>old</Filter>
    </ClCompile>
    <ClCompile Include="stb.cpp">
      <Filter>old</Filter>
    </ClCompile>
    <ClCompile Include="Texture.cpp">
      <Filter>old</Filter>
    </ClCompile>
    <ClCompile Include="VAO.cpp">
      <Filter>old</Filter>
    </ClCompile>
    <ClCompile Include="VBO.cpp">
      <Filter>old</Filter>
    </ClCompile>
  </ItemGroup>
  <ItemGroup>
    <ClInclude Include="ccamera.h" />
    <ClInclude Include="cebo.h" />
    <ClInclude Include="cmesh.h" />
    <ClInclude Include="cshader.h" />
    <ClInclude Include="ctexture.h" />
    <ClInclude Include="camera.h" />
    <ClInclude Include="cutil.h" />
    <ClInclude Include="cvao.h" />
    <ClInclude Include="cvbo.h" />
    <ClInclude Include="QtEvent.h" />
    <ClInclude Include="EBO.h">
      <Filter>old</Filter>
    </ClInclude>
    <ClInclude Include="Mesh.h">
      <Filter>old</Filter>
    </ClInclude>
    <ClInclude Include="Model.h">
      <Filter>old</Filter>
    </ClInclude>
    <ClInclude Include="shaderClass.h">
      <Filter>old</Filter>
    </ClInclude>
    <ClInclude Include="Texture.h">
      <Filter>old</Filter>
    </ClInclude>
    <ClInclude Include="VAO.h">
      <Filter>old</Filter>
    </ClInclude>
    <ClInclude Include="VBO.h">
      <Filter>old</Filter>
    </ClInclude>
  </ItemGroup>
  <ItemGroup>
    <QtMoc Include="OpenGLHDR.h" />
  </ItemGroup>
  <ItemGroup>
    <QtRcc Include="OpenGLHDR.qrc" />
  </ItemGroup>
  <ItemGroup>
    <QtUic Include="OpenGLHDR.ui" />
  </ItemGroup>
  <ItemGroup>
    <None Include="ReShade.fxh" />
    <None Include="shader\fragmentShader.glsl" />
    <None Include="shader\hdr_shader.frag" />
    <None Include="shader\hdr_shader.vert" />
    <None Include="shader\vertexShader.glsl" />
  </ItemGroup>
  <ItemGroup>
    <Filter Include="old">
      <UniqueIdentifier>{5a5b3b6e-f213-422a-8a0c-29a9ab02de7d}</UniqueIdentifier>
    </Filter>
    <Filter Include="old\NewFilter1">
      <UniqueIdentifier>{4efae142-1374-4a26-b620-1cc55cfbeb77}</UniqueIdentifier>
    </Filter>
  </ItemGroup>
</Project>